
Microsoft Visual Studio Solution File, Format Version 12.00
# Visual Studio 15
VisualStudioVersion = 15.0.28307.421
MinimumVisualStudioVersion = 10.0.40219.1
Project("{FAE04EC0-301F-11D3-BF4B-00C04F79EFBC}") = "AreaOfTriangle", "AreaOfTriangle\AreaOfTriangle.csproj", "{FEF5F3B3-6A8A-483C-AD1E-E335A1592C94}"
EndProject
Global
	GlobalSection(SolutionConfigurationPlatforms) = preSolution
		Debug|Any CPU = Debug|Any CPU
		Release|Any CPU = Release|Any CPU
	EndGlobalSection
	GlobalSection(ProjectConfigurationPlatforms) = postSolution
		{FEF5F3B3-6A8A-483C-AD1E-E335A1592C94}.Debug|Any CPU.ActiveCfg = Debug|Any CPU
		{FEF5F3B3-6A8A-483C-AD1E-E335A1592C94}.Debug|Any CPU.Build.0 = Debug|Any CPU
		{FEF5F3B3-6A8A-483C-AD1E-E335A1592C94}.Release|Any CPU.ActiveCfg = Release|Any CPU
		{FEF5F3B3-6A8A-483C-AD1E-E335A1592C94}.Release|Any CPU.Build.0 = Release|Any CPU
	EndGlobalSection
	GlobalSection(SolutionProperties) = preSolution
		HideSolutionNode = FALSE
	EndGlobalSection
	GlobalSection(ExtensibilityGlobals) = postSolution
		SolutionGuid = {E2934749-3984-4863-B48C-8B17AEB58AB4}
	EndGlobalSection
EndGlobal
